
Microsoft Visual Studio Solution File, Format Version 12.00
# Visual Studio Version 16
VisualStudioVersion = 16.0.30907.101
MinimumVisualStudioVersion = 10.0.40219.1
Project("{FAE04EC0-301F-11D3-BF4B-00C04F79EFBC}") = "EFT_DLV_Grabber", "EFT_DLV_Grabber.csproj", "{451529C1-7DAB-428E-A406-80797E27D58C}"
EndProject
Global
	GlobalSection(SolutionConfigurationPlatforms) = preSolution
		Debug|Any CPU = Debug|Any CPU
		Release|Any CPU = Release|Any CPU
	EndGlobalSection
	GlobalSection(ProjectConfigurationPlatforms) = postSolution
		{451529C1-7DAB-428E-A406-80797E27D58C}.Debug|Any CPU.ActiveCfg = Debug|Any CPU
		{451529C1-7DAB-428E-A406-80797E27D58C}.Debug|Any CPU.Build.0 = Debug|Any CPU
		{451529C1-7DAB-428E-A406-80797E27D58C}.Release|Any CPU.ActiveCfg = Release|Any CPU
		{451529C1-7DAB-428E-A406-80797E27D58C}.Release|Any CPU.Build.0 = Release|Any CPU
	EndGlobalSection
	GlobalSection(SolutionProperties) = preSolution
		HideSolutionNode = FALSE
	EndGlobalSection
	GlobalSection(ExtensibilityGlobals) = postSolution
		SolutionGuid = {FEFAA2A8-382B-4994-B1F2-96D5763335D2}
	EndGlobalSection
EndGlobal
